{
  "name": "knx-ip-ts-example",
  "version": "1.0.0",
  "lockfileVersion": 3,
  "requires": true,
  "packages": {
    "": {
      "name": "knx-ip-ts-example",
      "version": "1.0.0",
      "license": "ISC",
      "dependencies": {
        "knx-ip-ts": "file:.."
      }
    },
    "..": {
      "name": "knx-ip-ts",
      "version": "0.0.1",
      "license": "ISC",
      "devDependencies": {
        "@types/node": "^22.5.5",
        "typescript": "^5.6.2"
      }
    },
    "node_modules/knx-ip-ts": {
      "resolved": "..",
      "link": true
    }
  }
}
